[[package]]
category = "main"
description = "Fast and simple WSGI-framework for small web-applications."
name = "bottle"
optional = false
python-versions = "*"
version = "0.12.18"

[[package]]
category = "main"
description = "Python package for providing Mozilla's CA Bundle."
name = "certifi"
optional = false
python-versions = "*"
version = "2020.6.20"

[[package]]
category = "main"
description = "Universal encoding detector for Python 2 and 3"
name = "chardet"
optional = false
python-versions = "*"
version = "3.0.4"

[[package]]
category = "main"
description = "DNS toolkit"
name = "dnspython"
optional = false
python-versions = ">=3.6"
version = "2.0.0"

[package.extras]
curio = ["curio (>=1.2)", "sniffio (>=1.1)"]
dnssec = ["cryptography (>=2.6)"]
doh = ["requests", "requests-toolbelt"]
idna = ["idna (>=2.1)"]
trio = ["trio (>=0.14.0)", "sniffio (>=1.1)"]

[[package]]
category = "main"
description = "A robust email syntax and deliverability validation library for Python 2.x/3.x."
name = "email-validator"
optional = false
python-versions = "*"
version = "1.1.1"

[package.dependencies]
dnspython = ">=1.15.0"
idna = ">=2.0.0"

[[package]]
category = "main"
description = "Fuzzy string matching in python"
name = "fuzzywuzzy"
optional = false
python-versions = "*"
version = "0.18.0"

[package.extras]
speedup = ["python-levenshtein (>=0.12)"]

[[package]]
category = "main"
description = "Internationalized Domain Names in Applications (IDNA)"
name = "idna"
optional = false
python-versions = ">=2.7, !=3.0.*, !=3.1.*, !=3.2.*, !=3.3.*"
version = "2.10"

[[package]]
category = "main"
description = "NumPy is the fundamental package for array computing with Python."
name = "numpy"
optional = false
python-versions = ">=3.6"
version = "1.19.1"

[[package]]
category = "main"
description = "Python driver for MongoDB <http://www.mongodb.org>"
name = "pymongo"
optional = false
python-versions = "*"
version = "3.10.1"

[package.extras]
encryption = ["pymongocrypt (<2.0.0)"]
gssapi = ["pykerberos"]
snappy = ["python-snappy"]
srv = ["dnspython (>=1.16.0,<1.17.0)"]
tls = ["ipaddress"]
zstd = ["zstandard"]

[[package]]
category = "main"
description = "Python HTTP for Humans."
name = "requests"
optional = false
python-versions = ">=2.7, !=3.0.*, !=3.1.*, !=3.2.*, !=3.3.*, !=3.4.*"
version = "2.24.0"

[package.dependencies]
certifi = ">=2017.4.17"
chardet = ">=3.0.2,<4"
idna = ">=2.5,<3"
urllib3 = ">=1.21.1,<1.25.0 || >1.25.0,<1.25.1 || >1.25.1,<1.26"

[package.extras]
security = ["pyOpenSSL (>=0.14)", "cryptography (>=1.3.4)"]
socks = ["PySocks (>=1.5.6,<1.5.7 || >1.5.7)", "win-inet-pton"]

[[package]]
category = "main"
description = "Python 2 and 3 compatibility utilities"
name = "six"
optional = false
python-versions = ">=2.7, !=3.0.*, !=3.1.*, !=3.2.*"
version = "1.15.0"

[[package]]
category = "main"
description = ""
name = "stemming"
optional = false
python-versions = "*"
version = "1.0.1"

[[package]]
category = "main"
description = "ASCII transliterations of Unicode text"
name = "unidecode"
optional = false
python-versions = ">=2.7, !=3.0.*, !=3.1.*, !=3.2.*, !=3.3.*"
version = "1.1.1"

[[package]]
category = "main"
description = "HTTP library with thread-safe connection pooling, file post, and more."
name = "urllib3"
optional = false
python-versions = ">=2.7, !=3.0.*, !=3.1.*, !=3.2.*, !=3.3.*, !=3.4.*, <4"
version = "1.25.10"

[package.extras]
brotli = ["brotlipy (>=0.6.0)"]
secure = ["certifi", "cryptography (>=1.3.4)", "idna (>=2.0.0)", "pyOpenSSL (>=0.14)", "ipaddress"]
socks = ["PySocks (>=1.5.6,<1.5.7 || >1.5.7,<2.0)"]

[[package]]
category = "main"
description = "Library to create spreadsheet files compatible with MS Excel 97/2000/XP/2003 XLS files, on any platform, with Python 2.6, 2.7, 3.3+"
name = "xlwt"
optional = false
python-versions = "*"
version = "1.3.0"

[metadata]
content-hash = "cbd0fde56ca24478d9990c6324fe85705b91048538566a1baa212e6e96905574"
lock-version = "1.0"
python-versions = "^3.8"

[metadata.files]
bottle = [
    {file = "bottle-0.12.18-py3-none-any.whl", hash = "sha256:43157254e88f32c6be16f8d9eb1f1d1472396a4e174ebd2bf62544854ecf37e7"},
    {file = "bottle-0.12.18.tar.gz", hash = "sha256:0819b74b145a7def225c0e83b16a4d5711fde751cd92bae467a69efce720f69e"},
]
certifi = [
    {file = "certifi-2020.6.20-py2.py3-none-any.whl", hash = "sha256:8fc0819f1f30ba15bdb34cceffb9ef04d99f420f68eb75d901e9560b8749fc41"},
    {file = "certifi-2020.6.20.tar.gz", hash = "sha256:5930595817496dd21bb8dc35dad090f1c2cd0adfaf21204bf6732ca5d8ee34d3"},
]
chardet = [
    {file = "chardet-3.0.4-py2.py3-none-any.whl", hash = "sha256:fc323ffcaeaed0e0a02bf4d117757b98aed530d9ed4531e3e15460124c106691"},
    {file = "chardet-3.0.4.tar.gz", hash = "sha256:84ab92ed1c4d4f16916e05906b6b75a6c0fb5db821cc65e70cbd64a3e2a5eaae"},
]
dnspython = [
    {file = "dnspython-2.0.0-py3-none-any.whl", hash = "sha256:40bb3c24b9d4ec12500f0124288a65df232a3aa749bb0c39734b782873a2544d"},
    {file = "dnspython-2.0.0.zip", hash = "sha256:044af09374469c3a39eeea1a146e8cac27daec951f1f1f157b1962fc7cb9d1b7"},
]
email-validator = [
    {file = "email_validator-1.1.1-py2.py3-none-any.whl", hash = "sha256:5f246ae8d81ce3000eade06595b7bb55a4cf350d559e890182a1466a21f25067"},
    {file = "email_validator-1.1.1.tar.gz", hash = "sha256:63094045c3e802c3d3d575b18b004a531c36243ca8d1cec785ff6bfcb04185bb"},
]
fuzzywuzzy = [
    {file = "fuzzywuzzy-0.18.0-py2.py3-none-any.whl", hash = "sha256:928244b28db720d1e0ee7587acf660ea49d7e4c632569cad4f1cd7e68a5f0993"},
    {file = "fuzzywuzzy-0.18.0.tar.gz", hash = "sha256:45016e92264780e58972dca1b3d939ac864b78437422beecebb3095f8efd00e8"},
]
idna = [
    {file = "idna-2.10-py2.py3-none-any.whl", hash = "sha256:b97d804b1e9b523befed77c48dacec60e6dcb0b5391d57af6a65a312a90648c0"},
    {file = "idna-2.10.tar.gz", hash = "sha256:b307872f855b18632ce0c21c5e45be78c0ea7ae4c15c828c20788b26921eb3f6"},
]
numpy = [
    {file = "numpy-1.19.1-cp36-cp36m-macosx_10_9_x86_64.whl", hash = "sha256:b1cca51512299841bf69add3b75361779962f9cee7d9ee3bb446d5982e925b69"},
    {file = "numpy-1.19.1-cp36-cp36m-manylinux1_i686.whl", hash = "sha256:c9591886fc9cbe5532d5df85cb8e0cc3b44ba8ce4367bd4cf1b93dc19713da72"},
    {file = "numpy-1.19.1-cp36-cp36m-manylinux1_x86_64.whl", hash = "sha256:cf1347450c0b7644ea142712619533553f02ef23f92f781312f6a3553d031fc7"},
    {file = "numpy-1.19.1-cp36-cp36m-manylinux2010_i686.whl", hash = "sha256:ed8a311493cf5480a2ebc597d1e177231984c818a86875126cfd004241a73c3e"},
    {file = "numpy-1.19.1-cp36-cp36m-manylinux2010_x86_64.whl", hash = "sha256:3673c8b2b29077f1b7b3a848794f8e11f401ba0b71c49fbd26fb40b71788b132"},
    {file = "numpy-1.19.1-cp36-cp36m-manylinux2014_aarch64.whl", hash = "sha256:56ef7f56470c24bb67fb43dae442e946a6ce172f97c69f8d067ff8550cf782ff"},
    {file = "numpy-1.19.1-cp36-cp36m-win32.whl", hash = "sha256:aaf42a04b472d12515debc621c31cf16c215e332242e7a9f56403d814c744624"},
    {file = "numpy-1.19.1-cp36-cp36m-win_amd64.whl", hash = "sha256:082f8d4dd69b6b688f64f509b91d482362124986d98dc7dc5f5e9f9b9c3bb983"},
    {file = "numpy-1.19.1-cp37-cp37m-macosx_10_9_x86_64.whl", hash = "sha256:e4f6d3c53911a9d103d8ec9518190e52a8b945bab021745af4939cfc7c0d4a9e"},
    {file = "numpy-1.19.1-cp37-cp37m-manylinux1_i686.whl", hash = "sha256:5b6885c12784a27e957294b60f97e8b5b4174c7504665333c5e94fbf41ae5d6a"},
    {file = "numpy-1.19.1-cp37-cp37m-manylinux1_x86_64.whl", hash = "sha256:1bc0145999e8cb8aed9d4e65dd8b139adf1919e521177f198529687dbf613065"},
    {file = "numpy-1.19.1-cp37-cp37m-manylinux2010_i686.whl", hash = "sha256:5a936fd51049541d86ccdeef2833cc89a18e4d3808fe58a8abeb802665c5af93"},
    {file = "numpy-1.19.1-cp37-cp37m-manylinux2010_x86_64.whl", hash = "sha256:ef71a1d4fd4858596ae80ad1ec76404ad29701f8ca7cdcebc50300178db14dfc"},
    {file = "numpy-1.19.1-cp37-cp37m-manylinux2014_aarch64.whl", hash = "sha256:b9792b0ac0130b277536ab8944e7b754c69560dac0415dd4b2dbd16b902c8954"},
    {file = "numpy-1.19.1-cp37-cp37m-win32.whl", hash = "sha256:b12e639378c741add21fbffd16ba5ad25c0a1a17cf2b6fe4288feeb65144f35b"},
    {file = "numpy-1.19.1-cp37-cp37m-win_amd64.whl", hash = "sha256:8343bf67c72e09cfabfab55ad4a43ce3f6bf6e6ced7acf70f45ded9ebb425055"},
    {file = "numpy-1.19.1-cp38-cp38-macosx_10_9_x86_64.whl", hash = "sha256:e45f8e981a0ab47103181773cc0a54e650b2aef8c7b6cd07405d0fa8d869444a"},
    {file = "numpy-1.19.1-cp38-cp38-manylinux1_i686.whl", hash = "sha256:667c07063940e934287993366ad5f56766bc009017b4a0fe91dbd07960d0aba7"},
    {file = "numpy-1.19.1-cp38-cp38-manylinux1_x86_64.whl", hash = "sha256:480fdd4dbda4dd6b638d3863da3be82873bba6d32d1fc12ea1b8486ac7b8d129"},
    {file = "numpy-1.19.1-cp38-cp38-manylinux2010_i686.whl", hash = "sha256:935c27ae2760c21cd7354402546f6be21d3d0c806fffe967f745d5f2de5005a7"},
    {file = "numpy-1.19.1-cp38-cp38-manylinux2010_x86_64.whl", hash = "sha256:309cbcfaa103fc9a33ec16d2d62569d541b79f828c382556ff072442226d1968"},
    {file = "numpy-1.19.1-cp38-cp38-manylinux2014_aarch64.whl", hash = "sha256:7ed448ff4eaffeb01094959b19cbaf998ecdee9ef9932381420d514e446601cd"},
    {file = "numpy-1.19.1-cp38-cp38-win32.whl", hash = "sha256:de8b4a9b56255797cbddb93281ed92acbc510fb7b15df3f01bd28f46ebc4edae"},
    {file = "numpy-1.19.1-cp38-cp38-win_amd64.whl", hash = "sha256:92feb989b47f83ebef246adabc7ff3b9a59ac30601c3f6819f8913458610bdcc"},
    {file = "numpy-1.19.1-pp36-pypy36_pp73-manylinux2010_x86_64.whl", hash = "sha256:e1b1dc0372f530f26a03578ac75d5e51b3868b9b76cd2facba4c9ee0eb252ab1"},
    {file = "numpy-1.19.1.zip", hash = "sha256:b8456987b637232602ceb4d663cb34106f7eb780e247d51a260b84760fd8f491"},
]
pymongo = [
    {file = "pymongo-3.10.1-cp27-cp27m-macosx_10_14_intel.whl", hash = "sha256:a732838c78554c1257ff2492f5c8c4c7312d0aecd7f732149e255f3749edd5ee"},
    {file = "pymongo-3.10.1-cp27-cp27m-manylinux1_i686.whl", hash = "sha256:358ba4693c01022d507b96a980ded855a32dbdccc3c9331d0667be5e967f30ed"},
    {file = "pymongo-3.10.1-cp27-cp27m-manylinux1_x86_64.whl", hash = "sha256:334ef3ffd0df87ea83a0054454336159f8ad9c1b389e19c0032d9cb8410660e6"},
    {file = "pymongo-3.10.1-cp27-cp27m-win32.whl", hash = "sha256:e5c54f04ca42bbb5153aec5d4f2e3d9f81e316945220ac318abd4083308143f5"},
    {file = "pymongo-3.10.1-cp27-cp27m-win_amd64.whl", hash = "sha256:e334c4f39a2863a239d38b5829e442a87f241a92da9941861ee6ec5d6380b7fe"},
    {file = "pymongo-3.10.1-cp27-cp27mu-manylinux1_i686.whl", hash = "sha256:a0794e987d55d2f719cc95fcf980fc62d12b80e287e6a761c4be14c60bd9fecc"},
    {file = "pymongo-3.10.1-cp27-cp27mu-manylinux1_x86_64.whl", hash = "sha256:bbf47110765b2a999803a7de457567389253f8670f7daafb98e059c899ce9764"},
    {file = "pymongo-3.10.1-cp34-cp34m-macosx_10_6_intel.whl", hash = "sha256:56fa55032782b7f8e0bf6956420d11e2d4e9860598dfe9c504edec53af0fc372"},
    {file = "pymongo-3.10.1-cp34-cp34m-manylinux1_i686.whl", hash = "sha256:da2c3220eb55c4239dd8b982e213da0b79023cac59fe54ca09365f2bc7e4ad32"},
    {file = "pymongo-3.10.1-cp34-cp34m-manylinux1_x86_64.whl", hash = "sha256:0fc5aa1b1acf7f61af46fe0414e6a4d0c234b339db4c03a63da48599acf1cbfc"},
    {file = "pymongo-3.10.1-cp34-cp34m-win32.whl", hash = "sha256:2f07b27dbf303ea53f4147a7922ce91a26b34a0011131471d8aaf73151fdee9a"},
    {file = "pymongo-3.10.1-cp34-cp34m-win_amd64.whl", hash = "sha256:7aef381bb9ae8a3821abd7f9d4d93978dbd99072b48522e181baeffcd95b56ae"},
    {file = "pymongo-3.10.1-cp35-cp35m-macosx_10_6_intel.whl", hash = "sha256:47a00b22c52ee59dffc2aad02d0bbfb20c26ec5b8de8900492bf13ad6901cf35"},
    {file = "pymongo-3.10.1-cp35-cp35m-manylinux1_i686.whl", hash = "sha256:7abc3a6825a346fa4621a6f63e3b662bbb9e0f6ffc32d30a459d695f20fb1a8b"},
    {file = "pymongo-3.10.1-cp35-cp35m-manylinux1_x86_64.whl", hash = "sha256:9c0a57390549affc2b5dda24a38de03a5c7cbc58750cd161ff5d106c3c6eec80"},
    {file = "pymongo-3.10.1-cp35-cp35m-manylinux2014_aarch64.whl", hash = "sha256:e2b46e092ea54b732d98c476720386ff2ccd126de1e52076b470b117bff7e409"},
    {file = "pymongo-3.10.1-cp35-cp35m-manylinux2014_i686.whl", hash = "sha256:63752a72ca4d4e1386278bd43d14232f51718b409e7ac86bcf8810826b531113"},
    {file = "pymongo-3.10.1-cp35-cp35m-manylinux2014_ppc64le.whl", hash = "sha256:b070a4f064a9edb70f921bfdc270725cff7a78c22036dd37a767c51393fb956f"},
    {file = "pymongo-3.10.1-cp35-cp35m-manylinux2014_s390x.whl", hash = "sha256:6fdc5ccb43864065d40dd838437952e9e3da9821b7eac605ba46ada77f846bdf"},
    {file = "pymongo-3.10.1-cp35-cp35m-manylinux2014_x86_64.whl", hash = "sha256:a676bd2fbc2309092b9bbb0083d35718b5420af3a42135ebb1e4c3633f56604d"},
    {file = "pymongo-3.10.1-cp35-cp35m-win32.whl", hash = "sha256:c9ca545e93a9c2a3bdaa2e6e21f7a43267ff0813e8055adf2b591c13164c0c57"},
    {file = "pymongo-3.10.1-cp35-cp35m-win_amd64.whl", hash = "sha256:316f0cf543013d0c085e15a2c8abe0db70f93c9722c0f99b6f3318ff69477d70"},
    {file = "pymongo-3.10.1-cp36-cp36m-macosx_10_9_x86_64.whl", hash = "sha256:2a3c7ad01553b27ec553688a1e6445e7f40355fb37d925c11fcb50b504e367f8"},
    {file = "pymongo-3.10.1-cp36-cp36m-manylinux1_i686.whl", hash = "sha256:444bf2f44264578c4085bb04493bfed0e5c1b4fe7c2704504d769f955cc78fe4"},
    {file = "pymongo-3.10.1-cp36-cp36m-manylinux1_x86_64.whl", hash = "sha256:f96333f9d2517c752c20a35ff95de5fc2763ac8cdb1653df0f6f45d281620606"},
    {file = "pymongo-3.10.1-cp36-cp36m-manylinux2014_aarch64.whl", hash = "sha256:a60756d55f0887023b3899e6c2923ba5f0042fb11b1d17810b4e07395404f33e"},
    {file = "pymongo-3.10.1-cp36-cp36m-manylinux2014_i686.whl", hash = "sha256:95f970f34b59987dee6f360d2e7d30e181d58957b85dff929eee4423739bd151"},
    {file = "pymongo-3.10.1-cp36-cp36m-manylinux2014_ppc64le.whl", hash = "sha256:619ac9aaf681434b4d4718d1b31aa2f0fce64f2b3f8435688fcbdc0c818b6c54"},
    {file = "pymongo-3.10.1-cp36-cp36m-manylinux2014_s390x.whl", hash = "sha256:19adf2848b80cb349b9891cc854581bbf24c338be9a3260e73159bdeb2264464"},
    {file = "pymongo-3.10.1-cp36-cp36m-manylinux2014_x86_64.whl", hash = "sha256:26e707a4eb851ec27bb969b5f1413b9b2eac28fe34271fa72329100317ea7c73"},
    {file = "pymongo-3.10.1-cp36-cp36m-win32.whl", hash = "sha256:18e84a3ec5e73adcb4187b8e5541b2ad61d716026ed9863267e650300d8bea33"},
    {file = "pymongo-3.10.1-cp36-cp36m-win_amd64.whl", hash = "sha256:568d6bee70652d8a5af1cd3eec48b4ca1696fb1773b80719ebbd2925b72cb8f6"},
    {file = "pymongo-3.10.1-cp37-cp37m-macosx_10_9_x86_64.whl", hash = "sha256:b6da85949aa91e9f8c521681344bd2e163de894a5492337fba8b05c409225a4f"},
    {file = "pymongo-3.10.1-cp37-cp37m-manylinux1_i686.whl", hash = "sha256:01b4e10027aef5bb9ecefbc26f5df3368ce34aef81df43850f701e716e3fe16d"},
    {file = "pymongo-3.10.1-cp37-cp37m-manylinux1_x86_64.whl", hash = "sha256:26798795097bdeb571f13942beef7e0b60125397811c75b7aa9214d89880dd1d"},
    {file = "pymongo-3.10.1-cp37-cp37m-manylinux2014_aarch64.whl", hash = "sha256:3a6568bc53103df260f5c7d2da36dffc5202b9a36c85540bba1836a774943794"},
    {file = "pymongo-3.10.1-cp37-cp37m-manylinux2014_i686.whl", hash = "sha256:c4aef42e5fa4c9d5a99f751fb79caa880dac7eaf8a65121549318b984676a1b7"},
    {file = "pymongo-3.10.1-cp37-cp37m-manylinux2014_ppc64le.whl", hash = "sha256:61235cc39b5b2f593086d1d38f3fc130b2d125bd8fc8621d35bc5b6bdeb92bd2"},
    {file = "pymongo-3.10.1-cp37-cp37m-manylinux2014_s390x.whl", hash = "sha256:c06b3f998d2d7160db58db69adfb807d2ec307e883e2f17f6b87a1ef6c723f11"},
    {file = "pymongo-3.10.1-cp37-cp37m-manylinux2014_x86_64.whl", hash = "sha256:4c067db43b331fc709080d441cb2e157114fec60749667d12186cc3fc8e7a951"},
    {file = "pymongo-3.10.1-cp37-cp37m-win32.whl", hash = "sha256:c318fb70542be16d3d4063cde6010b1e4d328993a793529c15a619251f517c39"},
    {file = "pymongo-3.10.1-cp37-cp37m-win_amd64.whl", hash = "sha256:4c092310f804a5d45a1bcaa4191d6d016c457b6ed3982a622c35f729ff1c7f6b"},
    {file = "pymongo-3.10.1-cp38-cp38-macosx_10_9_x86_64.whl", hash = "sha256:dd8055da300535eefd446b30995c0813cc4394873c9509323762a93e97c04c03"},
    {file = "pymongo-3.10.1-cp38-cp38-manylinux1_i686.whl", hash = "sha256:6238ac1f483494011abde5286282afdfacd8926659e222ba9b74c67008d3a58c"},
    {file = "pymongo-3.10.1-cp38-cp38-manylinux1_x86_64.whl", hash = "sha256:53b711b33134e292ef8499835a3df10909c58df53a2a0308f598c432e9a62892"},
    {file = "pymongo-3.10.1-cp38-cp38-manylinux2014_aarch64.whl", hash = "sha256:20ee0475aa2ba437b0a14806f125d696f90a8433d820fb558fdd6f052acde103"},
    {file = "pymongo-3.10.1-cp38-cp38-manylinux2014_i686.whl", hash = "sha256:80df3caf251fe61a3f0c9614adc6e2bfcffd1cd3345280896766712fb4b4d6d7"},
    {file = "pymongo-3.10.1-cp38-cp38-manylinux2014_ppc64le.whl", hash = "sha256:a3b98121e68bf370dd8ea09df67e916f93ea95b52fc010902312168c4d1aff5d"},
    {file = "pymongo-3.10.1-cp38-cp38-manylinux2014_s390x.whl", hash = "sha256:1396eb7151e0558b1f817e4b9d7697d5599e5c40d839a9f7270bd90af994ad82"},
    {file = "pymongo-3.10.1-cp38-cp38-manylinux2014_x86_64.whl", hash = "sha256:ae65d65fde4135ef423a2608587c9ef585a3551fc2e4e431e7c7e527047581be"},
    {file = "pymongo-3.10.1-cp38-cp38-win32.whl", hash = "sha256:31d11a600eea0c60de22c8bdcb58cda63c762891facdcb74248c36713240987f"},
    {file = "pymongo-3.10.1-cp38-cp38-win_amd64.whl", hash = "sha256:5a2c492680c61b440272341294172fa3b3751797b1ab983533a770e4fb0a67ac"},
    {file = "pymongo-3.10.1-py2.7-macosx-10.14-intel.egg", hash = "sha256:bd9c1e6f92b4888ae3ef7ae23262c513b962f09f3fb3b48581dde5df7d7a860a"},
    {file = "pymongo-3.10.1-py2.7-win-amd64.egg", hash = "sha256:ad3dc88dfe61f0f1f9b99c6bc833ea2f45203a937a18f0d2faa57c6952656012"},
    {file = "pymongo-3.10.1-py2.7-win32.egg", hash = "sha256:f4d06764a06b137e48db6d569dc95614d9d225c89842c885669ee8abc9f28c7a"},
    {file = "pymongo-3.10.1.tar.gz", hash = "sha256:993257f6ca3cde55332af1f62af3e04ca89ce63c08b56a387cdd46136c72f2fa"},
]
requests = [
    {file = "requests-2.24.0-py2.py3-none-any.whl", hash = "sha256:fe75cc94a9443b9246fc7049224f75604b113c36acb93f87b80ed42c44cbb898"},
    {file = "requests-2.24.0.tar.gz", hash = "sha256:b3559a131db72c33ee969480840fff4bb6dd111de7dd27c8ee1f820f4f00231b"},
]
six = [
    {file = "six-1.15.0-py2.py3-none-any.whl", hash = "sha256:8b74bedcbbbaca38ff6d7491d76f2b06b3592611af620f8426e82dddb04a5ced"},
    {file = "six-1.15.0.tar.gz", hash = "sha256:30639c035cdb23534cd4aa2dd52c3bf48f06e5f4a941509c8bafd8ce11080259"},
]
stemming = [
    {file = "stemming-1.0.1-py2.7.egg", hash = "sha256:6a1153547d9a67b8dd523ce83972716da3ee07d6043b0e92154ddc1fffb28c16"},
    {file = "stemming-1.0.1.tar.gz", hash = "sha256:59678702e1d06caffecee82910f048edf12ad89dcf430776b4b05bfb8850bc51"},
    {file = "stemming-1.0.1.zip", hash = "sha256:3a812fbe64a8c74e95651f5a48bae3a7a47282aa58cd5a61f3384e73674ac23d"},
]
unidecode = [
    {file = "Unidecode-1.1.1-py2.py3-none-any.whl", hash = "sha256:1d7a042116536098d05d599ef2b8616759f02985c85b4fef50c78a5aaf10822a"},
    {file = "Unidecode-1.1.1.tar.gz", hash = "sha256:2b6aab710c2a1647e928e36d69c21e76b453cd455f4e2621000e54b2a9b8cce8"},
]
urllib3 = [
    {file = "urllib3-1.25.10-py2.py3-none-any.whl", hash = "sha256:e7983572181f5e1522d9c98453462384ee92a0be7fac5f1413a1e35c56cc0461"},
    {file = "urllib3-1.25.10.tar.gz", hash = "sha256:91056c15fa70756691db97756772bb1eb9678fa585d9184f24534b100dc60f4a"},
]
xlwt = [
    {file = "xlwt-1.3.0-py2.py3-none-any.whl", hash = "sha256:a082260524678ba48a297d922cc385f58278b8aa68741596a87de01a9c628b2e"},
    {file = "xlwt-1.3.0.tar.gz", hash = "sha256:c59912717a9b28f1a3c2a98fd60741014b06b043936dcecbc113eaaada156c88"},
]
